
Microsoft Visual Studio Solution File, Format Version 12.00
# Visual Studio 15
VisualStudioVersion = 15.0.27428.2015
MinimumVisualStudioVersion = 10.0.40219.1
Project("{FAE04EC0-301F-11D3-BF4B-00C04F79EFBC}") = "BTLCsharp", "BTLCsharp\BTLCsharp.csproj", "{52DD3258-AEC0-4C42-94C8-88F6025278BC}"
EndProject
Project("{FAE04EC0-301F-11D3-BF4B-00C04F79EFBC}") = "TempClass", "TempClass\TempClass.csproj", "{A6E2FCE4-4C2B-453C-AF83-C05C7EF7CC51}"
EndProject
Global
	GlobalSection(SolutionConfigurationPlatforms) = preSolution
		Debug|Any CPU = Debug|Any CPU
		Release|Any CPU = Release|Any CPU
	EndGlobalSection
	GlobalSection(ProjectConfigurationPlatforms) = postSolution
		{52DD3258-AEC0-4C42-94C8-88F6025278BC}.Debug|Any CPU.ActiveCfg = Debug|Any CPU
		{52DD3258-AEC0-4C42-94C8-88F6025278BC}.Debug|Any CPU.Build.0 = Debug|Any CPU
		{52DD3258-AEC0-4C42-94C8-88F6025278BC}.Release|Any CPU.ActiveCfg = Release|Any CPU
		{52DD3258-AEC0-4C42-94C8-88F6025278BC}.Release|Any CPU.Build.0 = Release|Any CPU
		{A6E2FCE4-4C2B-453C-AF83-C05C7EF7CC51}.Debug|Any CPU.ActiveCfg = Debug|Any CPU
		{A6E2FCE4-4C2B-453C-AF83-C05C7EF7CC51}.Debug|Any CPU.Build.0 = Debug|Any CPU
		{A6E2FCE4-4C2B-453C-AF83-C05C7EF7CC51}.Release|Any CPU.ActiveCfg = Release|Any CPU
		{A6E2FCE4-4C2B-453C-AF83-C05C7EF7CC51}.Release|Any CPU.Build.0 = Release|Any CPU
	EndGlobalSection
	GlobalSection(SolutionProperties) = preSolution
		HideSolutionNode = FALSE
	EndGlobalSection
	GlobalSection(ExtensibilityGlobals) = postSolution
		SolutionGuid = {02FE3DD7-1382-4A6F-98E9-0AC1798B4153}
	EndGlobalSection
EndGlobal
